
Microsoft Visual Studio Solution File, Format Version 12.00
# Visual Studio 15
VisualStudioVersion = 15.0.27130.2036
MinimumVisualStudioVersion = 10.0.40219.1
Project("{FAE04EC0-301F-11D3-BF4B-00C04F79EFBC}") = "ZCups", "ZCups\ZCups.csproj", "{A1B4FA84-8BEE-4A6A-807B-1BB8831607DE}"
EndProject
Global
	GlobalSection(SolutionConfigurationPlatforms) = preSolution
		Debug|Any CPU = Debug|Any CPU
		Release|Any CPU = Release|Any CPU
	EndGlobalSection
	GlobalSection(ProjectConfigurationPlatforms) = postSolution
		{A1B4FA84-8BEE-4A6A-807B-1BB8831607DE}.Debug|Any CPU.ActiveCfg = Debug|Any CPU
		{A1B4FA84-8BEE-4A6A-807B-1BB8831607DE}.Debug|Any CPU.Build.0 = Debug|Any CPU
		{A1B4FA84-8BEE-4A6A-807B-1BB8831607DE}.Release|Any CPU.ActiveCfg = Release|Any CPU
		{A1B4FA84-8BEE-4A6A-807B-1BB8831607DE}.Release|Any CPU.Build.0 = Release|Any CPU
	EndGlobalSection
	GlobalSection(SolutionProperties) = preSolution
		HideSolutionNode = FALSE
	EndGlobalSection
	GlobalSection(ExtensibilityGlobals) = postSolution
		SolutionGuid = {9655842A-21EC-43FC-8347-DA10592A44AB}
	EndGlobalSection
EndGlobal
